
Microsoft Visual Studio Solution File, Format Version 12.00
# Visual Studio 15
VisualStudioVersion = 15.0.28307.271
MinimumVisualStudioVersion = 10.0.40219.1
Project("{9A19103F-16F7-4668-BE54-9A1E7A4F7556}") = "moveDataTimeseries", "moveDataTimeseries.csproj", "{09F3D223-0AEA-49A0-A16A-EC79F360421F}"
EndProject
Global
	GlobalSection(SolutionConfigurationPlatforms) = preSolution
		Debug|Any CPU = Debug|Any CPU
		Release|Any CPU = Release|Any CPU
	EndGlobalSection
	GlobalSection(ProjectConfigurationPlatforms) = postSolution
		{09F3D223-0AEA-49A0-A16A-EC79F360421F}.Debug|Any CPU.ActiveCfg = Debug|Any CPU
		{09F3D223-0AEA-49A0-A16A-EC79F360421F}.Debug|Any CPU.Build.0 = Debug|Any CPU
		{09F3D223-0AEA-49A0-A16A-EC79F360421F}.Release|Any CPU.ActiveCfg = Release|Any CPU
		{09F3D223-0AEA-49A0-A16A-EC79F360421F}.Release|Any CPU.Build.0 = Release|Any CPU
	EndGlobalSection
	GlobalSection(SolutionProperties) = preSolution
		HideSolutionNode = FALSE
	EndGlobalSection
	GlobalSection(ExtensibilityGlobals) = postSolution
		SolutionGuid = {1169974A-4D64-4E07-9CB9-DDBEC09E1777}
	EndGlobalSection
EndGlobal
